
Microsoft Visual Studio Solution File, Format Version 12.00
# Visual Studio Version 17
VisualStudioVersion = 17.0.31903.59
MinimumVisualStudioVersion = 10.0.40219.1
Project("{FAE04EC0-301F-11D3-BF4B-00C04F79EFBC}") = "Roozie.AutoInterface", "Roozie.AutoInterface\Roozie.AutoInterface.csproj", "{E2F18BD4-4B2A-4DBD-AE1E-B7EBFC6E36F2}"
EndProject
Project("{FAE04EC0-301F-11D3-BF4B-00C04F79EFBC}") = "Roozie.AutoInterface.Tests", "Roozie.AutoInterface.Tests\Roozie.AutoInterface.Tests.csproj", "{EDAD3BF7-32EF-417D-8D18-96512AF38D18}"
EndProject
Project("{2150E333-8FDC-42A3-9474-1A3956D46DE8}") = "_Config", "_Config", "{FA5AD15D-5D84-4DD7-AFF9-979CCC74F7B0}"
	ProjectSection(SolutionItems) = preProject
		.editorconfig = .editorconfig
		.gitignore = .gitignore
		Directory.Build.props = Directory.Build.props
		README.md = README.md
	EndProjectSection
EndProject
Project("{FAE04EC0-301F-11D3-BF4B-00C04F79EFBC}") = "Roozie.AutoInterface.Tests.Integration", "Roozie.AutoInterface.Tests.Integration\Roozie.AutoInterface.Tests.Integration.csproj", "{C63F3BFF-0A62-4AA6-9B85-BBD5469BD8EF}"
EndProject
Global
	GlobalSection(SolutionConfigurationPlatforms) = preSolution
		Debug|Any CPU = Debug|Any CPU
		Release|Any CPU = Release|Any CPU
	EndGlobalSection
	GlobalSection(SolutionProperties) = preSolution
		HideSolutionNode = FALSE
	EndGlobalSection
	GlobalSection(ProjectConfigurationPlatforms) = postSolution
		{E2F18BD4-4B2A-4DBD-AE1E-B7EBFC6E36F2}.Debug|Any CPU.ActiveCfg = Debug|Any CPU
		{E2F18BD4-4B2A-4DBD-AE1E-B7EBFC6E36F2}.Debug|Any CPU.Build.0 = Debug|Any CPU
		{E2F18BD4-4B2A-4DBD-AE1E-B7EBFC6E36F2}.Release|Any CPU.ActiveCfg = Release|Any CPU
		{E2F18BD4-4B2A-4DBD-AE1E-B7EBFC6E36F2}.Release|Any CPU.Build.0 = Release|Any CPU
		{EDAD3BF7-32EF-417D-8D18-96512AF38D18}.Debug|Any CPU.ActiveCfg = Debug|Any CPU
		{EDAD3BF7-32EF-417D-8D18-96512AF38D18}.Debug|Any CPU.Build.0 = Debug|Any CPU
		{EDAD3BF7-32EF-417D-8D18-96512AF38D18}.Release|Any CPU.ActiveCfg = Release|Any CPU
		{EDAD3BF7-32EF-417D-8D18-96512AF38D18}.Release|Any CPU.Build.0 = Release|Any CPU
		{C63F3BFF-0A62-4AA6-9B85-BBD5469BD8EF}.Debug|Any CPU.ActiveCfg = Debug|Any CPU
		{C63F3BFF-0A62-4AA6-9B85-BBD5469BD8EF}.Debug|Any CPU.Build.0 = Debug|Any CPU
		{C63F3BFF-0A62-4AA6-9B85-BBD5469BD8EF}.Release|Any CPU.ActiveCfg = Release|Any CPU
		{C63F3BFF-0A62-4AA6-9B85-BBD5469BD8EF}.Release|Any CPU.Build.0 = Release|Any CPU
	EndGlobalSection
	GlobalSection(NestedProjects) = preSolution
	EndGlobalSection
EndGlobal
